# This file is autogenerated, do not edit; changes may be undone by the next 'dep ensure'.


[[projects]]
  branch = "master"
  digest = "1:3a0a1adab2c5abbd6320d69da87a3d18687a895672206bb20e066c3a775c718f"
  name = "github.com/faiface/glhf"
  packages = ["."]
  pruneopts = "UT"
  revision = "82a6317ac380cdc61567d729fe48833d75b8108e"

[[projects]]
  branch = "master"
  digest = "1:f43ae18fea96ddd49340e65001d1b556e2dba024228a93ee9eec25fe3fe52939"
  name = "github.com/faiface/mainthread"
  packages = ["."]
  pruneopts = "UT"
  revision = "8b78f0a41ae388189090ac4506612659fa53082b"

[[projects]]
  digest = "1:9e3989eb0b024cf56df82bfae68d43b23adffa8070f0982ed15d45394c72ac56"
  name = "github.com/faiface/pixel"
  packages = [
    ".",
    "pixelgl",
    "text",
  ]
  pruneopts = "UT"
  revision = "0c2d627cfa32f437abe22d6a6ee1de7d102c0264"
  version = "v0.8.0"

[[projects]]
  branch = "master"
  digest = "1:9e7abd76b07ec74f95e8bf109dae5a5913532e7354218b1c955b42bd45b4cc9f"
  name = "github.com/go-gl/gl"
  packages = ["v3.3-core/gl"]
  pruneopts = "UT"
  revision = "55b76b7df9d25d70b63e31a767f47158292b85d8"

[[projects]]
  branch = "master"
  digest = "1:96519e5f428b661be4ac2ed07cff5aaab64f668e29c392fa7494dc7c04bcf71a"
  name = "github.com/go-gl/glfw"
  packages = ["v3.2/glfw"]
  pruneopts = "UT"
  revision = "691ee1b84c51ae625ed1aafebc915d3db3d63d66"

[[projects]]
  branch = "master"
  digest = "1:208382238a5b6e9a1a01e7f82e2dd3b80c0305fd622247f1ba6360805d398225"
  name = "github.com/go-gl/mathgl"
  packages = ["mgl32"]
  pruneopts = "UT"
  revision = "cdf14b6b8f8a4a1bfb003dd5119205c5f711d85a"

[[projects]]
  branch = "master"
  digest = "1:62c57507df491b657e9ae2645f30958d9964c8eeb380600469eedc951ebb3a0e"
  name = "github.com/golang/freetype"
  packages = [
    "raster",
    "truetype",
  ]
  pruneopts = "UT"
  revision = "e2365dfdc4a05e4b8299a783240d4a7d5a65d4e4"

[[projects]]
  digest = "1:4c0989ca0bcd10799064318923b9bc2db6b4d6338dd75f3f2d86c3511aaaf5cf"
  name = "github.com/golang/protobuf"
  packages = [
    "proto",
    "ptypes",
    "ptypes/any",
    "ptypes/duration",
    "ptypes/timestamp",
  ]
  pruneopts = "UT"
  revision = "aa810b61a9c79d51363740d207bb46cf8e620ed5"
  version = "v1.2.0"

[[projects]]
  branch = "master"
  digest = "1:28d7cfee9e60a33a8ce1222b32aa1ea2390bae8738272be813d59b03a1a18059"
  name = "github.com/naggie/sd01"
  packages = ["go"]
  pruneopts = "UT"
  revision = "a1394a3075a3b4d34a053fc162640f65e6652c13"

[[projects]]
  digest = "1:40e195917a951a8bf867cd05de2a46aaf1806c50cf92eebf4c16f78cd196f747"
  name = "github.com/pkg/errors"
  packages = ["."]
  pruneopts = "UT"
  revision = "645ef00459ed84a119197bfb8d8205042c6df63d"
  version = "v0.8.0"

[[projects]]
  branch = "master"
  digest = "1:e1b2135631383deea006d461d082ce6898dfd70f4276b50cef4424c6a65ceb8f"
  name = "golang.org/x/image"
  packages = [
    "colornames",
    "font",
    "font/basicfont",
    "font/plan9font",
    "math/f32",
    "math/fixed",
  ]
  pruneopts = "UT"
  revision = "cd38e8056d9b27bb2f265effa37fb0ea6b8a7f0f"

[[projects]]
  branch = "master"
  digest = "1:91e16764720d5fc23def26777a8d527badeb72fbb8185d2abb45da448d2dc180"
  name = "golang.org/x/net"
  packages = [
    "context",
    "html",
    "html/atom",
    "http/httpguts",
    "http2",
    "http2/hpack",
    "idna",
    "internal/timeseries",
    "trace",
  ]
  pruneopts = "UT"
  revision = "adae6a3d119ae4890b46832a2e88a95adc62b8e7"

[[projects]]
  branch = "master"
  digest = "1:225564f71149334315118db714e1ea87513e4a11cf4acb27e26bc7577cebfa0b"
  name = "golang.org/x/sys"
  packages = ["unix"]
  pruneopts = "UT"
  revision = "0cf1ed9e522b7dbb416f080a5c8003de9b702bf4"

[[projects]]
  digest = "1:a2ab62866c75542dd18d2b069fec854577a20211d7c0ea6ae746072a1dccdd18"
  name = "golang.org/x/text"
  packages = [
    "collate",
    "collate/build",
    "internal/colltab",
    "internal/gen",
    "internal/tag",
    "internal/triegen",
    "internal/ucd",
    "language",
    "secure/bidirule",
    "transform",
    "unicode/bidi",
    "unicode/cldr",
    "unicode/norm",
    "unicode/rangetable",
  ]
  pruneopts = "UT"
  revision = "f21a4dfb5e38f5895301dc265a8def02365cc3d0"
  version = "v0.3.0"

[[projects]]
  branch = "master"
  digest = "1:56b0bca90b7e5d1facf5fbdacba23e4e0ce069d25381b8e2f70ef1e7ebfb9c1a"
  name = "google.golang.org/genproto"
  packages = ["googleapis/rpc/status"]
  pruneopts = "UT"
  revision = "b5d43981345bdb2c233eb4bf3277847b48c6fdc6"

[[projects]]
  digest = "1:c3ad9841823db6da420a5625b367913b4ff54bbe60e8e3c98bd20e243e62e2d2"
  name = "google.golang.org/grpc"
  packages = [
    ".",
    "balancer",
    "balancer/base",
    "balancer/roundrobin",
    "codes",
    "connectivity",
    "credentials",
    "encoding",
    "encoding/proto",
    "grpclog",
    "internal",
    "internal/backoff",
    "internal/channelz",
    "internal/envconfig",
    "internal/grpcrand",
    "internal/transport",
    "keepalive",
    "metadata",
    "naming",
    "peer",
    "resolver",
    "resolver/dns",
    "resolver/passthrough",
    "stats",
    "status",
    "tap",
  ]
  pruneopts = "UT"
  revision = "2e463a05d100327ca47ac218281906921038fd95"
  version = "v1.16.0"

[solve-meta]
  analyzer-name = "dep"
  analyzer-version = 1
  input-imports = [
    "github.com/faiface/pixel",
    "github.com/faiface/pixel/pixelgl",
    "github.com/faiface/pixel/text",
    "github.com/golang/freetype/truetype",
    "github.com/golang/protobuf/proto",
    "github.com/naggie/sd01/go",
    "golang.org/x/image/colornames",
    "golang.org/x/image/font",
    "golang.org/x/net/context",
    "google.golang.org/grpc",
    "google.golang.org/grpc/codes",
    "google.golang.org/grpc/status",
  ]
  solver-name = "gps-cdcl"
  solver-version = 1
